
Microsoft Visual Studio Solution File, Format Version 12.00
Project("{FAE04EC0-301F-11D3-BF4B-00C04F79EFBC}") = "ConsoleApp", "ConsoleApp\ConsoleApp.csproj", "{0116724E-7F1B-4C12-B575-1C08286FCAA2}"
EndProject
Project("{FAE04EC0-301F-11D3-BF4B-00C04F79EFBC}") = "MenuSystem", "MenuSystem\MenuSystem.csproj", "{940227C6-933A-4E04-B56E-02B2377FDDF0}"
EndProject
Project("{FAE04EC0-301F-11D3-BF4B-00C04F79EFBC}") = "GameBrain", "GameBrain\GameBrain.csproj", "{FC8F6C1A-5B15-435E-8178-992C08A44C7E}"
EndProject
Project("{FAE04EC0-301F-11D3-BF4B-00C04F79EFBC}") = "Domain", "Domain\Domain.csproj", "{5F38AB40-28D0-4B3A-9514-C32083CB6292}"
EndProject
Project("{FAE04EC0-301F-11D3-BF4B-00C04F79EFBC}") = "DAL", "DAL\DAL.csproj", "{0C31A597-9896-4390-9850-D44BF0B277B4}"
EndProject
Project("{FAE04EC0-301F-11D3-BF4B-00C04F79EFBC}") = "WebApp", "WebApp\WebApp.csproj", "{67019CA4-0792-4CF2-BA0B-49BDB03B173E}"
EndProject
Project("{2150E333-8FDC-42A3-9474-1A3956D46DE8}") = "Exam", "Exam", "{16384589-7115-43DF-863A-FE0612F456D7}"
EndProject
Project("{FAE04EC0-301F-11D3-BF4B-00C04F79EFBC}") = "WebApplication", "Exam\WebApplication\WebApplication.csproj", "{D9182EBC-1415-439F-8CCE-4140AE969278}"
EndProject
Project("{FAE04EC0-301F-11D3-BF4B-00C04F79EFBC}") = "Domain", "Exam\Domain\Domain.csproj", "{F4FA6AD5-F45D-4FFF-9216-1EBC609376F0}"
EndProject
Project("{FAE04EC0-301F-11D3-BF4B-00C04F79EFBC}") = "DAL", "Exam\DAL\DAL.csproj", "{D788BA3A-88A2-4451-8394-5AF89F66CC2B}"
EndProject
Global
	GlobalSection(SolutionConfigurationPlatforms) = preSolution
		Debug|Any CPU = Debug|Any CPU
		Release|Any CPU = Release|Any CPU
	EndGlobalSection
	GlobalSection(ProjectConfigurationPlatforms) = postSolution
		{0116724E-7F1B-4C12-B575-1C08286FCAA2}.Debug|Any CPU.ActiveCfg = Debug|Any CPU
		{0116724E-7F1B-4C12-B575-1C08286FCAA2}.Debug|Any CPU.Build.0 = Debug|Any CPU
		{0116724E-7F1B-4C12-B575-1C08286FCAA2}.Release|Any CPU.ActiveCfg = Release|Any CPU
		{0116724E-7F1B-4C12-B575-1C08286FCAA2}.Release|Any CPU.Build.0 = Release|Any CPU
		{940227C6-933A-4E04-B56E-02B2377FDDF0}.Debug|Any CPU.ActiveCfg = Debug|Any CPU
		{940227C6-933A-4E04-B56E-02B2377FDDF0}.Debug|Any CPU.Build.0 = Debug|Any CPU
		{940227C6-933A-4E04-B56E-02B2377FDDF0}.Release|Any CPU.ActiveCfg = Release|Any CPU
		{940227C6-933A-4E04-B56E-02B2377FDDF0}.Release|Any CPU.Build.0 = Release|Any CPU
		{FC8F6C1A-5B15-435E-8178-992C08A44C7E}.Debug|Any CPU.ActiveCfg = Debug|Any CPU
		{FC8F6C1A-5B15-435E-8178-992C08A44C7E}.Debug|Any CPU.Build.0 = Debug|Any CPU
		{FC8F6C1A-5B15-435E-8178-992C08A44C7E}.Release|Any CPU.ActiveCfg = Release|Any CPU
		{FC8F6C1A-5B15-435E-8178-992C08A44C7E}.Release|Any CPU.Build.0 = Release|Any CPU
		{5F38AB40-28D0-4B3A-9514-C32083CB6292}.Debug|Any CPU.ActiveCfg = Debug|Any CPU
		{5F38AB40-28D0-4B3A-9514-C32083CB6292}.Debug|Any CPU.Build.0 = Debug|Any CPU
		{5F38AB40-28D0-4B3A-9514-C32083CB6292}.Release|Any CPU.ActiveCfg = Release|Any CPU
		{5F38AB40-28D0-4B3A-9514-C32083CB6292}.Release|Any CPU.Build.0 = Release|Any CPU
		{0C31A597-9896-4390-9850-D44BF0B277B4}.Debug|Any CPU.ActiveCfg = Debug|Any CPU
		{0C31A597-9896-4390-9850-D44BF0B277B4}.Debug|Any CPU.Build.0 = Debug|Any CPU
		{0C31A597-9896-4390-9850-D44BF0B277B4}.Release|Any CPU.ActiveCfg = Release|Any CPU
		{0C31A597-9896-4390-9850-D44BF0B277B4}.Release|Any CPU.Build.0 = Release|Any CPU
		{67019CA4-0792-4CF2-BA0B-49BDB03B173E}.Debug|Any CPU.ActiveCfg = Debug|Any CPU
		{67019CA4-0792-4CF2-BA0B-49BDB03B173E}.Debug|Any CPU.Build.0 = Debug|Any CPU
		{67019CA4-0792-4CF2-BA0B-49BDB03B173E}.Release|Any CPU.ActiveCfg = Release|Any CPU
		{67019CA4-0792-4CF2-BA0B-49BDB03B173E}.Release|Any CPU.Build.0 = Release|Any CPU
		{D9182EBC-1415-439F-8CCE-4140AE969278}.Debug|Any CPU.ActiveCfg = Debug|Any CPU
		{D9182EBC-1415-439F-8CCE-4140AE969278}.Debug|Any CPU.Build.0 = Debug|Any CPU
		{D9182EBC-1415-439F-8CCE-4140AE969278}.Release|Any CPU.ActiveCfg = Release|Any CPU
		{D9182EBC-1415-439F-8CCE-4140AE969278}.Release|Any CPU.Build.0 = Release|Any CPU
		{F4FA6AD5-F45D-4FFF-9216-1EBC609376F0}.Debug|Any CPU.ActiveCfg = Debug|Any CPU
		{F4FA6AD5-F45D-4FFF-9216-1EBC609376F0}.Debug|Any CPU.Build.0 = Debug|Any CPU
		{F4FA6AD5-F45D-4FFF-9216-1EBC609376F0}.Release|Any CPU.ActiveCfg = Release|Any CPU
		{F4FA6AD5-F45D-4FFF-9216-1EBC609376F0}.Release|Any CPU.Build.0 = Release|Any CPU
		{D788BA3A-88A2-4451-8394-5AF89F66CC2B}.Debug|Any CPU.ActiveCfg = Debug|Any CPU
		{D788BA3A-88A2-4451-8394-5AF89F66CC2B}.Debug|Any CPU.Build.0 = Debug|Any CPU
		{D788BA3A-88A2-4451-8394-5AF89F66CC2B}.Release|Any CPU.ActiveCfg = Release|Any CPU
		{D788BA3A-88A2-4451-8394-5AF89F66CC2B}.Release|Any CPU.Build.0 = Release|Any CPU
	EndGlobalSection
	GlobalSection(NestedProjects) = preSolution
		{D9182EBC-1415-439F-8CCE-4140AE969278} = {16384589-7115-43DF-863A-FE0612F456D7}
		{F4FA6AD5-F45D-4FFF-9216-1EBC609376F0} = {16384589-7115-43DF-863A-FE0612F456D7}
		{D788BA3A-88A2-4451-8394-5AF89F66CC2B} = {16384589-7115-43DF-863A-FE0612F456D7}
	EndGlobalSection
EndGlobal
